
Microsoft Visual Studio Solution File, Format Version 12.00
# Visual Studio Version 17
VisualStudioVersion = 17.10.35122.118
MinimumVisualStudioVersion = 10.0.40219.1
Project("{FAE04EC0-301F-11D3-BF4B-00C04F79EFBC}") = "limonadas", "limonadas\limonadas.csproj", "{F613EE8D-CADB-43E4-9EF6-DD480614646E}"
EndProject
Global
	GlobalSection(SolutionConfigurationPlatforms) = preSolution
		Debug|Any CPU = Debug|Any CPU
		Release|Any CPU = Release|Any CPU
	EndGlobalSection
	GlobalSection(ProjectConfigurationPlatforms) = postSolution
		{F613EE8D-CADB-43E4-9EF6-DD480614646E}.Debug|Any CPU.ActiveCfg = Debug|Any CPU
		{F613EE8D-CADB-43E4-9EF6-DD480614646E}.Debug|Any CPU.Build.0 = Debug|Any CPU
		{F613EE8D-CADB-43E4-9EF6-DD480614646E}.Release|Any CPU.ActiveCfg = Release|Any CPU
		{F613EE8D-CADB-43E4-9EF6-DD480614646E}.Release|Any CPU.Build.0 = Release|Any CPU
	EndGlobalSection
	GlobalSection(SolutionProperties) = preSolution
		HideSolutionNode = FALSE
	EndGlobalSection
	GlobalSection(ExtensibilityGlobals) = postSolution
		SolutionGuid = {EE2EC415-94F3-46F3-84BB-E26A239E07E8}
	EndGlobalSection
EndGlobal
